
Microsoft Visual Studio Solution File, Format Version 12.00
# Visual Studio Version 17
VisualStudioVersion = 17.1.32210.238
MinimumVisualStudioVersion = 10.0.40219.1
Project("{FAE04EC0-301F-11D3-BF4B-00C04F79EFBC}") = "AmiralBatti2", "AmiralBatti2\AmiralBatti2.csproj", "{26454911-DDFA-461D-8555-43A3A3487FBB}"
EndProject
Global
	GlobalSection(SolutionConfigurationPlatforms) = preSolution
		Debug|Any CPU = Debug|Any CPU
		Release|Any CPU = Release|Any CPU
	EndGlobalSection
	GlobalSection(ProjectConfigurationPlatforms) = postSolution
		{26454911-DDFA-461D-8555-43A3A3487FBB}.Debug|Any CPU.ActiveCfg = Debug|Any CPU
		{26454911-DDFA-461D-8555-43A3A3487FBB}.Debug|Any CPU.Build.0 = Debug|Any CPU
		{26454911-DDFA-461D-8555-43A3A3487FBB}.Release|Any CPU.ActiveCfg = Release|Any CPU
		{26454911-DDFA-461D-8555-43A3A3487FBB}.Release|Any CPU.Build.0 = Release|Any CPU
	EndGlobalSection
	GlobalSection(SolutionProperties) = preSolution
		HideSolutionNode = FALSE
	EndGlobalSection
	GlobalSection(ExtensibilityGlobals) = postSolution
		SolutionGuid = {33C7BB98-4997-4A60-AD3D-54A21BECE74C}
	EndGlobalSection
EndGlobal
